
Microsoft Visual Studio Solution File, Format Version 12.00
# Visual Studio 15
VisualStudioVersion = 15.0.28307.757
MinimumVisualStudioVersion = 10.0.40219.1
Project("{FAE04EC0-301F-11D3-BF4B-00C04F79EFBC}") = "Senai.InLock.WebAPI", "Senai.InLock.WebAPI\Senai.InLock.WebAPI.csproj", "{AC0F52BD-9B5D-4E6B-895F-32C3430B4B61}"
EndProject
Global
	GlobalSection(SolutionConfigurationPlatforms) = preSolution
		Debug|Any CPU = Debug|Any CPU
		Release|Any CPU = Release|Any CPU
	EndGlobalSection
	GlobalSection(ProjectConfigurationPlatforms) = postSolution
		{AC0F52BD-9B5D-4E6B-895F-32C3430B4B61}.Debug|Any CPU.ActiveCfg = Debug|Any CPU
		{AC0F52BD-9B5D-4E6B-895F-32C3430B4B61}.Debug|Any CPU.Build.0 = Debug|Any CPU
		{AC0F52BD-9B5D-4E6B-895F-32C3430B4B61}.Release|Any CPU.ActiveCfg = Release|Any CPU
		{AC0F52BD-9B5D-4E6B-895F-32C3430B4B61}.Release|Any CPU.Build.0 = Release|Any CPU
	EndGlobalSection
	GlobalSection(SolutionProperties) = preSolution
		HideSolutionNode = FALSE
	EndGlobalSection
	GlobalSection(ExtensibilityGlobals) = postSolution
		SolutionGuid = {4D6E45CF-D31D-415B-AA60-D8AE015D2201}
	EndGlobalSection
EndGlobal
